
Microsoft Visual Studio Solution File, Format Version 12.00
# Visual Studio 14
VisualStudioVersion = 14.0.25420.1
MinimumVisualStudioVersion = 10.0.40219.1
Project("{D954291E-2A0B-460D-934E-DC6B0785DB48}") = "its.time.table", "its.time.table\its.time.table\its.time.table.shproj", "{CCF5B860-0B94-4C83-9792-29BB0B71BD2A}"
EndProject
Project("{FAE04EC0-301F-11D3-BF4B-00C04F79EFBC}") = "its.time.table.Droid", "its.time.table\its.time.table.Droid\its.time.table.Droid.csproj", "{C385F8C4-EFE4-49B2-8924-8849D66EA976}"
EndProject
Project("{FAE04EC0-301F-11D3-BF4B-00C04F79EFBC}") = "its.time.table.iOS", "its.time.table\its.time.table.iOS\its.time.table.iOS.csproj", "{BA76D9A2-D576-4E6B-964F-13F2F45FC7B4}"
EndProject
Project("{FAE04EC0-301F-11D3-BF4B-00C04F79EFBC}") = "its.time.table.WinPhone", "its.time.table\its.time.table.WinPhone\its.time.table.WinPhone.csproj", "{CF9D545C-91C5-451C-B51E-E19268E7B75F}"
EndProject
Project("{FAE04EC0-301F-11D3-BF4B-00C04F79EFBC}") = "its.time.table.Windows", "its.time.table\its.time.table.Windows\its.time.table.Windows.csproj", "{9D0ECAF1-36F5-4DD7-BDE1-B2061D1F3199}"
EndProject
Global
	GlobalSection(SharedMSBuildProjectFiles) = preSolution
		its.time.table\its.time.table\its.time.table.projitems*{ba76d9a2-d576-4e6b-964f-13f2f45fc7b4}*SharedItemsImports = 4
		its.time.table\its.time.table\its.time.table.projitems*{c385f8c4-efe4-49b2-8924-8849d66ea976}*SharedItemsImports = 4
		its.time.table\its.time.table\its.time.table.projitems*{ccf5b860-0b94-4c83-9792-29bb0b71bd2a}*SharedItemsImports = 13
	EndGlobalSection
	GlobalSection(SolutionConfigurationPlatforms) = preSolution
		Ad-Hoc|Any CPU = Ad-Hoc|Any CPU
		Ad-Hoc|ARM = Ad-Hoc|ARM
		Ad-Hoc|iPhone = Ad-Hoc|iPhone
		Ad-Hoc|iPhoneSimulator = Ad-Hoc|iPhoneSimulator
		Ad-Hoc|x64 = Ad-Hoc|x64
		Ad-Hoc|x86 = Ad-Hoc|x86
		AppStore|Any CPU = AppStore|Any CPU
		AppStore|ARM = AppStore|ARM
		AppStore|iPhone = AppStore|iPhone
		AppStore|iPhoneSimulator = AppStore|iPhoneSimulator
		AppStore|x64 = AppStore|x64
		AppStore|x86 = AppStore|x86
		Debug|Any CPU = Debug|Any CPU
		Debug|ARM = Debug|ARM
		Debug|iPhone = Debug|iPhone
		Debug|iPhoneSimulator = Debug|iPhoneSimulator
		Debug|x64 = Debug|x64
		Debug|x86 = Debug|x86
		Release|Any CPU = Release|Any CPU
		Release|ARM = Release|ARM
		Release|iPhone = Release|iPhone
		Release|iPhoneSimulator = Release|iPhoneSimulator
		Release|x64 = Release|x64
		Release|x86 = Release|x86
	EndGlobalSection
	GlobalSection(ProjectConfigurationPlatforms) = postSolution
		{C385F8C4-EFE4-49B2-8924-8849D66EA976}.Ad-Hoc|Any CPU.ActiveCfg = Release|Any CPU
		{C385F8C4-EFE4-49B2-8924-8849D66EA976}.Ad-Hoc|Any CPU.Build.0 = Release|Any CPU
		{C385F8C4-EFE4-49B2-8924-8849D66EA976}.Ad-Hoc|Any CPU.Deploy.0 = Release|Any CPU
		{C385F8C4-EFE4-49B2-8924-8849D66EA976}.Ad-Hoc|ARM.ActiveCfg = Release|Any CPU
		{C385F8C4-EFE4-49B2-8924-8849D66EA976}.Ad-Hoc|ARM.Build.0 = Release|Any CPU
		{C385F8C4-EFE4-49B2-8924-8849D66EA976}.Ad-Hoc|ARM.Deploy.0 = Release|Any CPU
		{C385F8C4-EFE4-49B2-8924-8849D66EA976}.Ad-Hoc|iPhone.ActiveCfg = Release|Any CPU
		{C385F8C4-EFE4-49B2-8924-8849D66EA976}.Ad-Hoc|iPhone.Build.0 = Release|Any CPU
		{C385F8C4-EFE4-49B2-8924-8849D66EA976}.Ad-Hoc|iPhone.Deploy.0 = Release|Any CPU
		{C385F8C4-EFE4-49B2-8924-8849D66EA976}.Ad-Hoc|iPhoneSimulator.ActiveCfg = Release|Any CPU
		{C385F8C4-EFE4-49B2-8924-8849D66EA976}.Ad-Hoc|iPhoneSimulator.Build.0 = Release|Any CPU
		{C385F8C4-EFE4-49B2-8924-8849D66EA976}.Ad-Hoc|iPhoneSimulator.Deploy.0 = Release|Any CPU
		{C385F8C4-EFE4-49B2-8924-8849D66EA976}.Ad-Hoc|x64.ActiveCfg = Release|Any CPU
		{C385F8C4-EFE4-49B2-8924-8849D66EA976}.Ad-Hoc|x64.Build.0 = Release|Any CPU
		{C385F8C4-EFE4-49B2-8924-8849D66EA976}.Ad-Hoc|x64.Deploy.0 = Release|Any CPU
		{C385F8C4-EFE4-49B2-8924-8849D66EA976}.Ad-Hoc|x86.ActiveCfg = Release|Any CPU
		{C385F8C4-EFE4-49B2-8924-8849D66EA976}.Ad-Hoc|x86.Build.0 = Release|Any CPU
		{C385F8C4-EFE4-49B2-8924-8849D66EA976}.Ad-Hoc|x86.Deploy.0 = Release|Any CPU
		{C385F8C4-EFE4-49B2-8924-8849D66EA976}.AppStore|Any CPU.ActiveCfg = Release|Any CPU
		{C385F8C4-EFE4-49B2-8924-8849D66EA976}.AppStore|Any CPU.Build.0 = Release|Any CPU
		{C385F8C4-EFE4-49B2-8924-8849D66EA976}.AppStore|Any CPU.Deploy.0 = Release|Any CPU
		{C385F8C4-EFE4-49B2-8924-8849D66EA976}.AppStore|ARM.ActiveCfg = Release|Any CPU
		{C385F8C4-EFE4-49B2-8924-8849D66EA976}.AppStore|ARM.Build.0 = Release|Any CPU
		{C385F8C4-EFE4-49B2-8924-8849D66EA976}.AppStore|ARM.Deploy.0 = Release|Any CPU
		{C385F8C4-EFE4-49B2-8924-8849D66EA976}.AppStore|iPhone.ActiveCfg = Release|Any CPU
		{C385F8C4-EFE4-49B2-8924-8849D66EA976}.AppStore|iPhone.Build.0 = Release|Any CPU
		{C385F8C4-EFE4-49B2-8924-8849D66EA976}.AppStore|iPhone.Deploy.0 = Release|Any CPU
		{C385F8C4-EFE4-49B2-8924-8849D66EA976}.AppStore|iPhoneSimulator.ActiveCfg = Release|Any CPU
		{C385F8C4-EFE4-49B2-8924-8849D66EA976}.AppStore|iPhoneSimulator.Build.0 = Release|Any CPU
		{C385F8C4-EFE4-49B2-8924-8849D66EA976}.AppStore|iPhoneSimulator.Deploy.0 = Release|Any CPU
		{C385F8C4-EFE4-49B2-8924-8849D66EA976}.AppStore|x64.ActiveCfg = Release|Any CPU
		{C385F8C4-EFE4-49B2-8924-8849D66EA976}.AppStore|x64.Build.0 = Release|Any CPU
		{C385F8C4-EFE4-49B2-8924-8849D66EA976}.AppStore|x64.Deploy.0 = Release|Any CPU
		{C385F8C4-EFE4-49B2-8924-8849D66EA976}.AppStore|x86.ActiveCfg = Release|Any CPU
		{C385F8C4-EFE4-49B2-8924-8849D66EA976}.AppStore|x86.Build.0 = Release|Any CPU
		{C385F8C4-EFE4-49B2-8924-8849D66EA976}.AppStore|x86.Deploy.0 = Release|Any CPU
		{C385F8C4-EFE4-49B2-8924-8849D66EA976}.Debug|Any CPU.ActiveCfg = Debug|Any CPU
		{C385F8C4-EFE4-49B2-8924-8849D66EA976}.Debug|Any CPU.Build.0 = Debug|Any CPU
		{C385F8C4-EFE4-49B2-8924-8849D66EA976}.Debug|Any CPU.Deploy.0 = Debug|Any CPU
		{C385F8C4-EFE4-49B2-8924-8849D66EA976}.Debug|ARM.ActiveCfg = Debug|Any CPU
		{C385F8C4-EFE4-49B2-8924-8849D66EA976}.Debug|ARM.Build.0 = Debug|Any CPU
		{C385F8C4-EFE4-49B2-8924-8849D66EA976}.Debug|ARM.Deploy.0 = Debug|Any CPU
		{C385F8C4-EFE4-49B2-8924-8849D66EA976}.Debug|iPhone.ActiveCfg = Debug|Any CPU
		{C385F8C4-EFE4-49B2-8924-8849D66EA976}.Debug|iPhone.Build.0 = Debug|Any CPU
		{C385F8C4-EFE4-49B2-8924-8849D66EA976}.Debug|iPhone.Deploy.0 = Debug|Any CPU
		{C385F8C4-EFE4-49B2-8924-8849D66EA976}.Debug|iPhoneSimulator.ActiveCfg = Debug|Any CPU
		{C385F8C4-EFE4-49B2-8924-8849D66EA976}.Debug|iPhoneSimulator.Build.0 = Debug|Any CPU
		{C385F8C4-EFE4-49B2-8924-8849D66EA976}.Debug|iPhoneSimulator.Deploy.0 = Debug|Any CPU
		{C385F8C4-EFE4-49B2-8924-8849D66EA976}.Debug|x64.ActiveCfg = Debug|Any CPU
		{C385F8C4-EFE4-49B2-8924-8849D66EA976}.Debug|x64.Build.0 = Debug|Any CPU
		{C385F8C4-EFE4-49B2-8924-8849D66EA976}.Debug|x64.Deploy.0 = Debug|Any CPU
		{C385F8C4-EFE4-49B2-8924-8849D66EA976}.Debug|x86.ActiveCfg = Debug|Any CPU
		{C385F8C4-EFE4-49B2-8924-8849D66EA976}.Debug|x86.Build.0 = Debug|Any CPU
		{C385F8C4-EFE4-49B2-8924-8849D66EA976}.Debug|x86.Deploy.0 = Debug|Any CPU
		{C385F8C4-EFE4-49B2-8924-8849D66EA976}.Release|Any CPU.ActiveCfg = Release|Any CPU
		{C385F8C4-EFE4-49B2-8924-8849D66EA976}.Release|Any CPU.Build.0 = Release|Any CPU
		{C385F8C4-EFE4-49B2-8924-8849D66EA976}.Release|Any CPU.Deploy.0 = Release|Any CPU
		{C385F8C4-EFE4-49B2-8924-8849D66EA976}.Release|ARM.ActiveCfg = Release|Any CPU
		{C385F8C4-EFE4-49B2-8924-8849D66EA976}.Release|ARM.Build.0 = Release|Any CPU
		{C385F8C4-EFE4-49B2-8924-8849D66EA976}.Release|ARM.Deploy.0 = Release|Any CPU
		{C385F8C4-EFE4-49B2-8924-8849D66EA976}.Release|iPhone.ActiveCfg = Release|Any CPU
		{C385F8C4-EFE4-49B2-8924-8849D66EA976}.Release|iPhone.Build.0 = Release|Any CPU
		{C385F8C4-EFE4-49B2-8924-8849D66EA976}.Release|iPhone.Deploy.0 = Release|Any CPU
		{C385F8C4-EFE4-49B2-8924-8849D66EA976}.Release|iPhoneSimulator.ActiveCfg = Release|Any CPU
		{C385F8C4-EFE4-49B2-8924-8849D66EA976}.Release|iPhoneSimulator.Build.0 = Release|Any CPU
		{C385F8C4-EFE4-49B2-8924-8849D66EA976}.Release|iPhoneSimulator.Deploy.0 = Release|Any CPU
		{C385F8C4-EFE4-49B2-8924-8849D66EA976}.Release|x64.ActiveCfg = Release|Any CPU
		{C385F8C4-EFE4-49B2-8924-8849D66EA976}.Release|x64.Build.0 = Release|Any CPU
		{C385F8C4-EFE4-49B2-8924-8849D66EA976}.Release|x64.Deploy.0 = Release|Any CPU
		{C385F8C4-EFE4-49B2-8924-8849D66EA976}.Release|x86.ActiveCfg = Release|Any CPU
		{C385F8C4-EFE4-49B2-8924-8849D66EA976}.Release|x86.Build.0 = Release|Any CPU
		{C385F8C4-EFE4-49B2-8924-8849D66EA976}.Release|x86.Deploy.0 = Release|Any CPU
		{BA76D9A2-D576-4E6B-964F-13F2F45FC7B4}.Ad-Hoc|Any CPU.ActiveCfg = Ad-Hoc|iPhone
		{BA76D9A2-D576-4E6B-964F-13F2F45FC7B4}.Ad-Hoc|ARM.ActiveCfg = Ad-Hoc|iPhone
		{BA76D9A2-D576-4E6B-964F-13F2F45FC7B4}.Ad-Hoc|iPhone.ActiveCfg = Ad-Hoc|iPhone
		{BA76D9A2-D576-4E6B-964F-13F2F45FC7B4}.Ad-Hoc|iPhone.Build.0 = Ad-Hoc|iPhone
		{BA76D9A2-D576-4E6B-964F-13F2F45FC7B4}.Ad-Hoc|iPhoneSimulator.ActiveCfg = Ad-Hoc|iPhoneSimulator
		{BA76D9A2-D576-4E6B-964F-13F2F45FC7B4}.Ad-Hoc|iPhoneSimulator.Build.0 = Ad-Hoc|iPhoneSimulator
		{BA76D9A2-D576-4E6B-964F-13F2F45FC7B4}.Ad-Hoc|x64.ActiveCfg = Ad-Hoc|iPhone
		{BA76D9A2-D576-4E6B-964F-13F2F45FC7B4}.Ad-Hoc|x86.ActiveCfg = Ad-Hoc|iPhone
		{BA76D9A2-D576-4E6B-964F-13F2F45FC7B4}.AppStore|Any CPU.ActiveCfg = AppStore|iPhone
		{BA76D9A2-D576-4E6B-964F-13F2F45FC7B4}.AppStore|ARM.ActiveCfg = AppStore|iPhone
		{BA76D9A2-D576-4E6B-964F-13F2F45FC7B4}.AppStore|iPhone.ActiveCfg = AppStore|iPhone
		{BA76D9A2-D576-4E6B-964F-13F2F45FC7B4}.AppStore|iPhone.Build.0 = AppStore|iPhone
		{BA76D9A2-D576-4E6B-964F-13F2F45FC7B4}.AppStore|iPhoneSimulator.ActiveCfg = AppStore|iPhoneSimulator
		{BA76D9A2-D576-4E6B-964F-13F2F45FC7B4}.AppStore|iPhoneSimulator.Build.0 = AppStore|iPhoneSimulator
		{BA76D9A2-D576-4E6B-964F-13F2F45FC7B4}.AppStore|x64.ActiveCfg = AppStore|iPhone
		{BA76D9A2-D576-4E6B-964F-13F2F45FC7B4}.AppStore|x86.ActiveCfg = AppStore|iPhone
		{BA76D9A2-D576-4E6B-964F-13F2F45FC7B4}.Debug|Any CPU.ActiveCfg = Debug|iPhone
		{BA76D9A2-D576-4E6B-964F-13F2F45FC7B4}.Debug|ARM.ActiveCfg = Debug|iPhone
		{BA76D9A2-D576-4E6B-964F-13F2F45FC7B4}.Debug|iPhone.ActiveCfg = Debug|iPhone
		{BA76D9A2-D576-4E6B-964F-13F2F45FC7B4}.Debug|iPhone.Build.0 = Debug|iPhone
		{BA76D9A2-D576-4E6B-964F-13F2F45FC7B4}.Debug|iPhoneSimulator.ActiveCfg = Debug|iPhoneSimulator
		{BA76D9A2-D576-4E6B-964F-13F2F45FC7B4}.Debug|iPhoneSimulator.Build.0 = Debug|iPhoneSimulator
		{BA76D9A2-D576-4E6B-964F-13F2F45FC7B4}.Debug|x64.ActiveCfg = Debug|iPhone
		{BA76D9A2-D576-4E6B-964F-13F2F45FC7B4}.Debug|x86.ActiveCfg = Debug|iPhone
		{BA76D9A2-D576-4E6B-964F-13F2F45FC7B4}.Release|Any CPU.ActiveCfg = Release|iPhone
		{BA76D9A2-D576-4E6B-964F-13F2F45FC7B4}.Release|ARM.ActiveCfg = Release|iPhone
		{BA76D9A2-D576-4E6B-964F-13F2F45FC7B4}.Release|iPhone.ActiveCfg = Release|iPhone
		{BA76D9A2-D576-4E6B-964F-13F2F45FC7B4}.Release|iPhone.Build.0 = Release|iPhone
		{BA76D9A2-D576-4E6B-964F-13F2F45FC7B4}.Release|iPhoneSimulator.ActiveCfg = Release|iPhoneSimulator
		{BA76D9A2-D576-4E6B-964F-13F2F45FC7B4}.Release|iPhoneSimulator.Build.0 = Release|iPhoneSimulator
		{BA76D9A2-D576-4E6B-964F-13F2F45FC7B4}.Release|x64.ActiveCfg = Release|iPhone
		{BA76D9A2-D576-4E6B-964F-13F2F45FC7B4}.Release|x86.ActiveCfg = Release|iPhone
		{CF9D545C-91C5-451C-B51E-E19268E7B75F}.Ad-Hoc|Any CPU.ActiveCfg = Release|Any CPU
		{CF9D545C-91C5-451C-B51E-E19268E7B75F}.Ad-Hoc|Any CPU.Build.0 = Release|Any CPU
		{CF9D545C-91C5-451C-B51E-E19268E7B75F}.Ad-Hoc|Any CPU.Deploy.0 = Release|Any CPU
		{CF9D545C-91C5-451C-B51E-E19268E7B75F}.Ad-Hoc|ARM.ActiveCfg = Release|ARM
		{CF9D545C-91C5-451C-B51E-E19268E7B75F}.Ad-Hoc|ARM.Build.0 = Release|ARM
		{CF9D545C-91C5-451C-B51E-E19268E7B75F}.Ad-Hoc|ARM.Deploy.0 = Release|ARM
		{CF9D545C-91C5-451C-B51E-E19268E7B75F}.Ad-Hoc|iPhone.ActiveCfg = Release|Any CPU
		{CF9D545C-91C5-451C-B51E-E19268E7B75F}.Ad-Hoc|iPhone.Build.0 = Release|Any CPU
		{CF9D545C-91C5-451C-B51E-E19268E7B75F}.Ad-Hoc|iPhone.Deploy.0 = Release|Any CPU
		{CF9D545C-91C5-451C-B51E-E19268E7B75F}.Ad-Hoc|iPhoneSimulator.ActiveCfg = Release|Any CPU
		{CF9D545C-91C5-451C-B51E-E19268E7B75F}.Ad-Hoc|iPhoneSimulator.Build.0 = Release|Any CPU
		{CF9D545C-91C5-451C-B51E-E19268E7B75F}.Ad-Hoc|iPhoneSimulator.Deploy.0 = Release|Any CPU
		{CF9D545C-91C5-451C-B51E-E19268E7B75F}.Ad-Hoc|x64.ActiveCfg = Release|Any CPU
		{CF9D545C-91C5-451C-B51E-E19268E7B75F}.Ad-Hoc|x64.Build.0 = Release|Any CPU
		{CF9D545C-91C5-451C-B51E-E19268E7B75F}.Ad-Hoc|x64.Deploy.0 = Release|Any CPU
		{CF9D545C-91C5-451C-B51E-E19268E7B75F}.Ad-Hoc|x86.ActiveCfg = Release|x86
		{CF9D545C-91C5-451C-B51E-E19268E7B75F}.Ad-Hoc|x86.Build.0 = Release|x86
		{CF9D545C-91C5-451C-B51E-E19268E7B75F}.Ad-Hoc|x86.Deploy.0 = Release|x86
		{CF9D545C-91C5-451C-B51E-E19268E7B75F}.AppStore|Any CPU.ActiveCfg = Release|Any CPU
		{CF9D545C-91C5-451C-B51E-E19268E7B75F}.AppStore|Any CPU.Build.0 = Release|Any CPU
		{CF9D545C-91C5-451C-B51E-E19268E7B75F}.AppStore|Any CPU.Deploy.0 = Release|Any CPU
		{CF9D545C-91C5-451C-B51E-E19268E7B75F}.AppStore|ARM.ActiveCfg = Release|ARM
		{CF9D545C-91C5-451C-B51E-E19268E7B75F}.AppStore|ARM.Build.0 = Release|ARM
		{CF9D545C-91C5-451C-B51E-E19268E7B75F}.AppStore|ARM.Deploy.0 = Release|ARM
		{CF9D545C-91C5-451C-B51E-E19268E7B75F}.AppStore|iPhone.ActiveCfg = Release|Any CPU
		{CF9D545C-91C5-451C-B51E-E19268E7B75F}.AppStore|iPhone.Build.0 = Release|Any CPU
		{CF9D545C-91C5-451C-B51E-E19268E7B75F}.AppStore|iPhone.Deploy.0 = Release|Any CPU
		{CF9D545C-91C5-451C-B51E-E19268E7B75F}.AppStore|iPhoneSimulator.ActiveCfg = Release|Any CPU
		{CF9D545C-91C5-451C-B51E-E19268E7B75F}.AppStore|iPhoneSimulator.Build.0 = Release|Any CPU
		{CF9D545C-91C5-451C-B51E-E19268E7B75F}.AppStore|iPhoneSimulator.Deploy.0 = Release|Any CPU
		{CF9D545C-91C5-451C-B51E-E19268E7B75F}.AppStore|x64.ActiveCfg = Release|Any CPU
		{CF9D545C-91C5-451C-B51E-E19268E7B75F}.AppStore|x64.Build.0 = Release|Any CPU
		{CF9D545C-91C5-451C-B51E-E19268E7B75F}.AppStore|x64.Deploy.0 = Release|Any CPU
		{CF9D545C-91C5-451C-B51E-E19268E7B75F}.AppStore|x86.ActiveCfg = Release|x86
		{CF9D545C-91C5-451C-B51E-E19268E7B75F}.AppStore|x86.Build.0 = Release|x86
		{CF9D545C-91C5-451C-B51E-E19268E7B75F}.AppStore|x86.Deploy.0 = Release|x86
		{CF9D545C-91C5-451C-B51E-E19268E7B75F}.Debug|Any CPU.ActiveCfg = Debug|Any CPU
		{CF9D545C-91C5-451C-B51E-E19268E7B75F}.Debug|Any CPU.Build.0 = Debug|Any CPU
		{CF9D545C-91C5-451C-B51E-E19268E7B75F}.Debug|Any CPU.Deploy.0 = Debug|Any CPU
		{CF9D545C-91C5-451C-B51E-E19268E7B75F}.Debug|ARM.ActiveCfg = Debug|ARM
		{CF9D545C-91C5-451C-B51E-E19268E7B75F}.Debug|ARM.Build.0 = Debug|ARM
		{CF9D545C-91C5-451C-B51E-E19268E7B75F}.Debug|ARM.Deploy.0 = Debug|ARM
		{CF9D545C-91C5-451C-B51E-E19268E7B75F}.Debug|iPhone.ActiveCfg = Debug|Any CPU
		{CF9D545C-91C5-451C-B51E-E19268E7B75F}.Debug|iPhone.Build.0 = Debug|Any CPU
		{CF9D545C-91C5-451C-B51E-E19268E7B75F}.Debug|iPhone.Deploy.0 = Debug|Any CPU
		{CF9D545C-91C5-451C-B51E-E19268E7B75F}.Debug|iPhoneSimulator.ActiveCfg = Debug|Any CPU
		{CF9D545C-91C5-451C-B51E-E19268E7B75F}.Debug|iPhoneSimulator.Build.0 = Debug|Any CPU
		{CF9D545C-91C5-451C-B51E-E19268E7B75F}.Debug|iPhoneSimulator.Deploy.0 = Debug|Any CPU
		{CF9D545C-91C5-451C-B51E-E19268E7B75F}.Debug|x64.ActiveCfg = Debug|Any CPU
		{CF9D545C-91C5-451C-B51E-E19268E7B75F}.Debug|x64.Build.0 = Debug|Any CPU
		{CF9D545C-91C5-451C-B51E-E19268E7B75F}.Debug|x64.Deploy.0 = Debug|Any CPU
		{CF9D545C-91C5-451C-B51E-E19268E7B75F}.Debug|x86.ActiveCfg = Debug|x86
		{CF9D545C-91C5-451C-B51E-E19268E7B75F}.Debug|x86.Build.0 = Debug|x86
		{CF9D545C-91C5-451C-B51E-E19268E7B75F}.Debug|x86.Deploy.0 = Debug|x86
		{CF9D545C-91C5-451C-B51E-E19268E7B75F}.Release|Any CPU.ActiveCfg = Release|Any CPU
		{CF9D545C-91C5-451C-B51E-E19268E7B75F}.Release|Any CPU.Build.0 = Release|Any CPU
		{CF9D545C-91C5-451C-B51E-E19268E7B75F}.Release|Any CPU.Deploy.0 = Release|Any CPU
		{CF9D545C-91C5-451C-B51E-E19268E7B75F}.Release|ARM.ActiveCfg = Release|ARM
		{CF9D545C-91C5-451C-B51E-E19268E7B75F}.Release|ARM.Build.0 = Release|ARM
		{CF9D545C-91C5-451C-B51E-E19268E7B75F}.Release|ARM.Deploy.0 = Release|ARM
		{CF9D545C-91C5-451C-B51E-E19268E7B75F}.Release|iPhone.ActiveCfg = Release|Any CPU
		{CF9D545C-91C5-451C-B51E-E19268E7B75F}.Release|iPhone.Build.0 = Release|Any CPU
		{CF9D545C-91C5-451C-B51E-E19268E7B75F}.Release|iPhone.Deploy.0 = Release|Any CPU
		{CF9D545C-91C5-451C-B51E-E19268E7B75F}.Release|iPhoneSimulator.ActiveCfg = Release|Any CPU
		{CF9D545C-91C5-451C-B51E-E19268E7B75F}.Release|iPhoneSimulator.Build.0 = Release|Any CPU
		{CF9D545C-91C5-451C-B51E-E19268E7B75F}.Release|iPhoneSimulator.Deploy.0 = Release|Any CPU
		{CF9D545C-91C5-451C-B51E-E19268E7B75F}.Release|x64.ActiveCfg = Release|Any CPU
		{CF9D545C-91C5-451C-B51E-E19268E7B75F}.Release|x64.Build.0 = Release|Any CPU
		{CF9D545C-91C5-451C-B51E-E19268E7B75F}.Release|x64.Deploy.0 = Release|Any CPU
		{CF9D545C-91C5-451C-B51E-E19268E7B75F}.Release|x86.ActiveCfg = Release|x86
		{CF9D545C-91C5-451C-B51E-E19268E7B75F}.Release|x86.Build.0 = Release|x86
		{CF9D545C-91C5-451C-B51E-E19268E7B75F}.Release|x86.Deploy.0 = Release|x86
		{9D0ECAF1-36F5-4DD7-BDE1-B2061D1F3199}.Ad-Hoc|Any CPU.ActiveCfg = Release|Any CPU
		{9D0ECAF1-36F5-4DD7-BDE1-B2061D1F3199}.Ad-Hoc|Any CPU.Build.0 = Release|Any CPU
		{9D0ECAF1-36F5-4DD7-BDE1-B2061D1F3199}.Ad-Hoc|Any CPU.Deploy.0 = Release|Any CPU
		{9D0ECAF1-36F5-4DD7-BDE1-B2061D1F3199}.Ad-Hoc|ARM.ActiveCfg = Release|ARM
		{9D0ECAF1-36F5-4DD7-BDE1-B2061D1F3199}.Ad-Hoc|ARM.Build.0 = Release|ARM
		{9D0ECAF1-36F5-4DD7-BDE1-B2061D1F3199}.Ad-Hoc|ARM.Deploy.0 = Release|ARM
		{9D0ECAF1-36F5-4DD7-BDE1-B2061D1F3199}.Ad-Hoc|iPhone.ActiveCfg = Release|Any CPU
		{9D0ECAF1-36F5-4DD7-BDE1-B2061D1F3199}.Ad-Hoc|iPhone.Build.0 = Release|Any CPU
		{9D0ECAF1-36F5-4DD7-BDE1-B2061D1F3199}.Ad-Hoc|iPhone.Deploy.0 = Release|Any CPU
		{9D0ECAF1-36F5-4DD7-BDE1-B2061D1F3199}.Ad-Hoc|iPhoneSimulator.ActiveCfg = Release|Any CPU
		{9D0ECAF1-36F5-4DD7-BDE1-B2061D1F3199}.Ad-Hoc|iPhoneSimulator.Build.0 = Release|Any CPU
		{9D0ECAF1-36F5-4DD7-BDE1-B2061D1F3199}.Ad-Hoc|iPhoneSimulator.Deploy.0 = Release|Any CPU
		{9D0ECAF1-36F5-4DD7-BDE1-B2061D1F3199}.Ad-Hoc|x64.ActiveCfg = Release|x64
		{9D0ECAF1-36F5-4DD7-BDE1-B2061D1F3199}.Ad-Hoc|x64.Build.0 = Release|x64
		{9D0ECAF1-36F5-4DD7-BDE1-B2061D1F3199}.Ad-Hoc|x64.Deploy.0 = Release|x64
		{9D0ECAF1-36F5-4DD7-BDE1-B2061D1F3199}.Ad-Hoc|x86.ActiveCfg = Release|x86
		{9D0ECAF1-36F5-4DD7-BDE1-B2061D1F3199}.Ad-Hoc|x86.Build.0 = Release|x86
		{9D0ECAF1-36F5-4DD7-BDE1-B2061D1F3199}.Ad-Hoc|x86.Deploy.0 = Release|x86
		{9D0ECAF1-36F5-4DD7-BDE1-B2061D1F3199}.AppStore|Any CPU.ActiveCfg = Release|Any CPU
		{9D0ECAF1-36F5-4DD7-BDE1-B2061D1F3199}.AppStore|Any CPU.Build.0 = Release|Any CPU
		{9D0ECAF1-36F5-4DD7-BDE1-B2061D1F3199}.AppStore|Any CPU.Deploy.0 = Release|Any CPU
		{9D0ECAF1-36F5-4DD7-BDE1-B2061D1F3199}.AppStore|ARM.ActiveCfg = Release|ARM
		{9D0ECAF1-36F5-4DD7-BDE1-B2061D1F3199}.AppStore|ARM.Build.0 = Release|ARM
		{9D0ECAF1-36F5-4DD7-BDE1-B2061D1F3199}.AppStore|ARM.Deploy.0 = Release|ARM
		{9D0ECAF1-36F5-4DD7-BDE1-B2061D1F3199}.AppStore|iPhone.ActiveCfg = Release|Any CPU
		{9D0ECAF1-36F5-4DD7-BDE1-B2061D1F3199}.AppStore|iPhone.Build.0 = Release|Any CPU
		{9D0ECAF1-36F5-4DD7-BDE1-B2061D1F3199}.AppStore|iPhone.Deploy.0 = Release|Any CPU
		{9D0ECAF1-36F5-4DD7-BDE1-B2061D1F3199}.AppStore|iPhoneSimulator.ActiveCfg = Release|Any CPU
		{9D0ECAF1-36F5-4DD7-BDE1-B2061D1F3199}.AppStore|iPhoneSimulator.Build.0 = Release|Any CPU
		{9D0ECAF1-36F5-4DD7-BDE1-B2061D1F3199}.AppStore|iPhoneSimulator.Deploy.0 = Release|Any CPU
		{9D0ECAF1-36F5-4DD7-BDE1-B2061D1F3199}.AppStore|x64.ActiveCfg = Release|x64
		{9D0ECAF1-36F5-4DD7-BDE1-B2061D1F3199}.AppStore|x64.Build.0 = Release|x64
		{9D0ECAF1-36F5-4DD7-BDE1-B2061D1F3199}.AppStore|x64.Deploy.0 = Release|x64
		{9D0ECAF1-36F5-4DD7-BDE1-B2061D1F3199}.AppStore|x86.ActiveCfg = Release|x86
		{9D0ECAF1-36F5-4DD7-BDE1-B2061D1F3199}.AppStore|x86.Build.0 = Release|x86
		{9D0ECAF1-36F5-4DD7-BDE1-B2061D1F3199}.AppStore|x86.Deploy.0 = Release|x86
		{9D0ECAF1-36F5-4DD7-BDE1-B2061D1F3199}.Debug|Any CPU.ActiveCfg = Debug|Any CPU
		{9D0ECAF1-36F5-4DD7-BDE1-B2061D1F3199}.Debug|Any CPU.Build.0 = Debug|Any CPU
		{9D0ECAF1-36F5-4DD7-BDE1-B2061D1F3199}.Debug|Any CPU.Deploy.0 = Debug|Any CPU
		{9D0ECAF1-36F5-4DD7-BDE1-B2061D1F3199}.Debug|ARM.ActiveCfg = Debug|ARM
		{9D0ECAF1-36F5-4DD7-BDE1-B2061D1F3199}.Debug|ARM.Build.0 = Debug|ARM
		{9D0ECAF1-36F5-4DD7-BDE1-B2061D1F3199}.Debug|ARM.Deploy.0 = Debug|ARM
		{9D0ECAF1-36F5-4DD7-BDE1-B2061D1F3199}.Debug|iPhone.ActiveCfg = Debug|Any CPU
		{9D0ECAF1-36F5-4DD7-BDE1-B2061D1F3199}.Debug|iPhone.Build.0 = Debug|Any CPU
		{9D0ECAF1-36F5-4DD7-BDE1-B2061D1F3199}.Debug|iPhone.Deploy.0 = Debug|Any CPU
		{9D0ECAF1-36F5-4DD7-BDE1-B2061D1F3199}.Debug|iPhoneSimulator.ActiveCfg = Debug|Any CPU
		{9D0ECAF1-36F5-4DD7-BDE1-B2061D1F3199}.Debug|iPhoneSimulator.Build.0 = Debug|Any CPU
		{9D0ECAF1-36F5-4DD7-BDE1-B2061D1F3199}.Debug|iPhoneSimulator.Deploy.0 = Debug|Any CPU
		{9D0ECAF1-36F5-4DD7-BDE1-B2061D1F3199}.Debug|x64.ActiveCfg = Debug|x64
		{9D0ECAF1-36F5-4DD7-BDE1-B2061D1F3199}.Debug|x64.Build.0 = Debug|x64
		{9D0ECAF1-36F5-4DD7-BDE1-B2061D1F3199}.Debug|x64.Deploy.0 = Debug|x64
		{9D0ECAF1-36F5-4DD7-BDE1-B2061D1F3199}.Debug|x86.ActiveCfg = Debug|x86
		{9D0ECAF1-36F5-4DD7-BDE1-B2061D1F3199}.Debug|x86.Build.0 = Debug|x86
		{9D0ECAF1-36F5-4DD7-BDE1-B2061D1F3199}.Debug|x86.Deploy.0 = Debug|x86
		{9D0ECAF1-36F5-4DD7-BDE1-B2061D1F3199}.Release|Any CPU.ActiveCfg = Release|Any CPU
		{9D0ECAF1-36F5-4DD7-BDE1-B2061D1F3199}.Release|Any CPU.Build.0 = Release|Any CPU
		{9D0ECAF1-36F5-4DD7-BDE1-B2061D1F3199}.Release|Any CPU.Deploy.0 = Release|Any CPU
		{9D0ECAF1-36F5-4DD7-BDE1-B2061D1F3199}.Release|ARM.ActiveCfg = Release|ARM
		{9D0ECAF1-36F5-4DD7-BDE1-B2061D1F3199}.Release|ARM.Build.0 = Release|ARM
		{9D0ECAF1-36F5-4DD7-BDE1-B2061D1F3199}.Release|ARM.Deploy.0 = Release|ARM
		{9D0ECAF1-36F5-4DD7-BDE1-B2061D1F3199}.Release|iPhone.ActiveCfg = Release|Any CPU
		{9D0ECAF1-36F5-4DD7-BDE1-B2061D1F3199}.Release|iPhone.Build.0 = Release|Any CPU
		{9D0ECAF1-36F5-4DD7-BDE1-B2061D1F3199}.Release|iPhone.Deploy.0 = Release|Any CPU
		{9D0ECAF1-36F5-4DD7-BDE1-B2061D1F3199}.Release|iPhoneSimulator.ActiveCfg = Release|Any CPU
		{9D0ECAF1-36F5-4DD7-BDE1-B2061D1F3199}.Release|iPhoneSimulator.Build.0 = Release|Any CPU
		{9D0ECAF1-36F5-4DD7-BDE1-B2061D1F3199}.Release|iPhoneSimulator.Deploy.0 = Release|Any CPU
		{9D0ECAF1-36F5-4DD7-BDE1-B2061D1F3199}.Release|x64.ActiveCfg = Release|x64
		{9D0ECAF1-36F5-4DD7-BDE1-B2061D1F3199}.Release|x64.Build.0 = Release|x64
		{9D0ECAF1-36F5-4DD7-BDE1-B2061D1F3199}.Release|x64.Deploy.0 = Release|x64
		{9D0ECAF1-36F5-4DD7-BDE1-B2061D1F3199}.Release|x86.ActiveCfg = Release|x86
		{9D0ECAF1-36F5-4DD7-BDE1-B2061D1F3199}.Release|x86.Build.0 = Release|x86
		{9D0ECAF1-36F5-4DD7-BDE1-B2061D1F3199}.Release|x86.Deploy.0 = Release|x86
	EndGlobalSection
	GlobalSection(SolutionProperties) = preSolution
		HideSolutionNode = FALSE
	EndGlobalSection
EndGlobal
